{
  "pins" : [
    {
      "identity" : "keychainaccess",
      "kind" : "remoteSourceControl",
      "location" : "https://github.com/kishikawakatsumi/KeychainAccess",
      "state" : {
        "branch" : "master",
        "revision" : "ecb18d8ce4d88277cc4fb103973352d91e18c535"
      }
    },
    {
      "identity" : "simpletoast",
      "kind" : "remoteSourceControl",
      "location" : "https://github.com/sanzaru/SimpleToast.git",
      "state" : {
        "revision" : "6637b95dfc49d3d688ad2d7b6e0655c0f6862f83",
        "version" : "0.8.0"
      }
    }
  ],
  "version" : 2
}
