// !$*UTF8*$!
{
	archiveVersion = 1;
	classes = {
	};
	objectVersion = 56;
	objects = {

/* Begin PBXBuildFile section */
		CF46C85E2AD6953C00DE388D /* Font+Extension.swift in Sources */ = {isa = PBXBuildFile; fileRef = CF46C85D2AD6953C00DE388D /* Font+Extension.swift */; };
		CF46C8602AD6967200DE388D /* MDButton.swift in Sources */ = {isa = PBXBuildFile; fileRef = CF46C85F2AD6967200DE388D /* MDButton.swift */; };
		CF46C8622AD69D9E00DE388D /* Button+Modifier.swift in Sources */ = {isa = PBXBuildFile; fileRef = CF46C8612AD69D9E00DE388D /* Button+Modifier.swift */; };
		CF46C8642AD69E3900DE388D /* View+Extension.swift in Sources */ = {isa = PBXBuildFile; fileRef = CF46C8632AD69E3900DE388D /* View+Extension.swift */; };
		CF46C86A2AD69F7700DE388D /* MDTextField.swift in Sources */ = {isa = PBXBuildFile; fileRef = CF46C8692AD69F7700DE388D /* MDTextField.swift */; };
		CF46C86C2AD6A49900DE388D /* View+Modifier.swift in Sources */ = {isa = PBXBuildFile; fileRef = CF46C86B2AD6A49900DE388D /* View+Modifier.swift */; };
		CF46C86E2AD6A59400DE388D /* UIFont+Extension.swift in Sources */ = {isa = PBXBuildFile; fileRef = CF46C86D2AD6A59400DE388D /* UIFont+Extension.swift */; };
		CF46C8702AD6ABFF00DE388D /* SignUpView.swift in Sources */ = {isa = PBXBuildFile; fileRef = CF46C86F2AD6ABFF00DE388D /* SignUpView.swift */; };
		CF46C8722AD6AC0800DE388D /* LoginView.swift in Sources */ = {isa = PBXBuildFile; fileRef = CF46C8712AD6AC0800DE388D /* LoginView.swift */; };
		CF46C8742AD6AC1300DE388D /* HomeView.swift in Sources */ = {isa = PBXBuildFile; fileRef = CF46C8732AD6AC1300DE388D /* HomeView.swift */; };
		CF47631E2AD57F8600FB66B3 /* APIService.swift in Sources */ = {isa = PBXBuildFile; fileRef = CF47631D2AD57F8600FB66B3 /* APIService.swift */; };
		CF4763262AD585EC00FB66B3 /* Degular-Bold.ttf in Resources */ = {isa = PBXBuildFile; fileRef = CF4763252AD585EC00FB66B3 /* Degular-Bold.ttf */; };
		CF4763372AD58BB500FB66B3 /* Degular-Regular.ttf in Resources */ = {isa = PBXBuildFile; fileRef = CF4763342AD58AD300FB66B3 /* Degular-Regular.ttf */; };
		CF4763382AD58BB800FB66B3 /* Degular-Semibold.ttf in Resources */ = {isa = PBXBuildFile; fileRef = CF4763352AD58AD300FB66B3 /* Degular-Semibold.ttf */; };
		CF4763392AD58BBC00FB66B3 /* Degular-Medium.ttf in Resources */ = {isa = PBXBuildFile; fileRef = CF4763362AD58AD300FB66B3 /* Degular-Medium.ttf */; };
		CF47633B2AD58BFC00FB66B3 /* FontManager.swift in Sources */ = {isa = PBXBuildFile; fileRef = CF47633A2AD58BFC00FB66B3 /* FontManager.swift */; };
		CFA2A3EE2AD57BBE0065AA42 /* MedBookApp.swift in Sources */ = {isa = PBXBuildFile; fileRef = CFA2A3ED2AD57BBE0065AA42 /* MedBookApp.swift */; };
		CFA2A3F02AD57BBE0065AA42 /* ContentView.swift in Sources */ = {isa = PBXBuildFile; fileRef = CFA2A3EF2AD57BBE0065AA42 /* ContentView.swift */; };
		CFA2A3F22AD57BBF0065AA42 /* Assets.xcassets in Resources */ = {isa = PBXBuildFile; fileRef = CFA2A3F12AD57BBF0065AA42 /* Assets.xcassets */; };
		CFA2A3F52AD57BBF0065AA42 /* Preview Assets.xcassets in Resources */ = {isa = PBXBuildFile; fileRef = CFA2A3F42AD57BBF0065AA42 /* Preview Assets.xcassets */; };
/* End PBXBuildFile section */

/* Begin PBXFileReference section */
		CF46C85D2AD6953C00DE388D /* Font+Extension.swift */ = {isa = PBXFileReference; lastKnownFileType = sourcecode.swift; path = "Font+Extension.swift"; sourceTree = "<group>"; };
		CF46C85F2AD6967200DE388D /* MDButton.swift */ = {isa = PBXFileReference; lastKnownFileType = sourcecode.swift; path = MDButton.swift; sourceTree = "<group>"; };
		CF46C8612AD69D9E00DE388D /* Button+Modifier.swift */ = {isa = PBXFileReference; lastKnownFileType = sourcecode.swift; path = "Button+Modifier.swift"; sourceTree = "<group>"; };
		CF46C8632AD69E3900DE388D /* View+Extension.swift */ = {isa = PBXFileReference; lastKnownFileType = sourcecode.swift; path = "View+Extension.swift"; sourceTree = "<group>"; };
		CF46C8692AD69F7700DE388D /* MDTextField.swift */ = {isa = PBXFileReference; lastKnownFileType = sourcecode.swift; path = MDTextField.swift; sourceTree = "<group>"; };
		CF46C86B2AD6A49900DE388D /* View+Modifier.swift */ = {isa = PBXFileReference; lastKnownFileType = sourcecode.swift; path = "View+Modifier.swift"; sourceTree = "<group>"; };
		CF46C86D2AD6A59400DE388D /* UIFont+Extension.swift */ = {isa = PBXFileReference; lastKnownFileType = sourcecode.swift; path = "UIFont+Extension.swift"; sourceTree = "<group>"; };
		CF46C86F2AD6ABFF00DE388D /* SignUpView.swift */ = {isa = PBXFileReference; lastKnownFileType = sourcecode.swift; path = SignUpView.swift; sourceTree = "<group>"; };
		CF46C8712AD6AC0800DE388D /* LoginView.swift */ = {isa = PBXFileReference; lastKnownFileType = sourcecode.swift; path = LoginView.swift; sourceTree = "<group>"; };
		CF46C8732AD6AC1300DE388D /* HomeView.swift */ = {isa = PBXFileReference; lastKnownFileType = sourcecode.swift; path = HomeView.swift; sourceTree = "<group>"; };
		CF47631D2AD57F8600FB66B3 /* APIService.swift */ = {isa = PBXFileReference; lastKnownFileType = sourcecode.swift; path = APIService.swift; sourceTree = "<group>"; };
		CF4763252AD585EC00FB66B3 /* Degular-Bold.ttf */ = {isa = PBXFileReference; lastKnownFileType = file; path = "Degular-Bold.ttf"; sourceTree = "<group>"; };
		CF4763342AD58AD300FB66B3 /* Degular-Regular.ttf */ = {isa = PBXFileReference; lastKnownFileType = file; path = "Degular-Regular.ttf"; sourceTree = "<group>"; };
		CF4763352AD58AD300FB66B3 /* Degular-Semibold.ttf */ = {isa = PBXFileReference; lastKnownFileType = file; path = "Degular-Semibold.ttf"; sourceTree = "<group>"; };
		CF4763362AD58AD300FB66B3 /* Degular-Medium.ttf */ = {isa = PBXFileReference; lastKnownFileType = file; path = "Degular-Medium.ttf"; sourceTree = "<group>"; };
		CF47633A2AD58BFC00FB66B3 /* FontManager.swift */ = {isa = PBXFileReference; lastKnownFileType = sourcecode.swift; path = FontManager.swift; sourceTree = "<group>"; };
		CFA2A3EA2AD57BBE0065AA42 /* MedBook.app */ = {isa = PBXFileReference; explicitFileType = wrapper.application; includeInIndex = 0; path = MedBook.app; sourceTree = BUILT_PRODUCTS_DIR; };
		CFA2A3ED2AD57BBE0065AA42 /* MedBookApp.swift */ = {isa = PBXFileReference; lastKnownFileType = sourcecode.swift; path = MedBookApp.swift; sourceTree = "<group>"; };
		CFA2A3EF2AD57BBE0065AA42 /* ContentView.swift */ = {isa = PBXFileReference; lastKnownFileType = sourcecode.swift; path = ContentView.swift; sourceTree = "<group>"; };
		CFA2A3F12AD57BBF0065AA42 /* Assets.xcassets */ = {isa = PBXFileReference; lastKnownFileType = folder.assetcatalog; path = Assets.xcassets; sourceTree = "<group>"; };
		CFA2A3F42AD57BBF0065AA42 /* Preview Assets.xcassets */ = {isa = PBXFileReference; lastKnownFileType = folder.assetcatalog; path = "Preview Assets.xcassets"; sourceTree = "<group>"; };
/* End PBXFileReference section */

/* Begin PBXFrameworksBuildPhase section */
		CFA2A3E72AD57BBE0065AA42 /* Frameworks */ = {
			isa = PBXFrameworksBuildPhase;
			buildActionMask = 2147483647;
			files = (
			);
			runOnlyForDeploymentPostprocessing = 0;
		};
/* End PBXFrameworksBuildPhase section */

/* Begin PBXGroup section */
		CF46C8652AD69F3100DE388D /* Extensions */ = {
			isa = PBXGroup;
			children = (
				CF46C85D2AD6953C00DE388D /* Font+Extension.swift */,
				CF46C8632AD69E3900DE388D /* View+Extension.swift */,
				CF46C86D2AD6A59400DE388D /* UIFont+Extension.swift */,
			);
			path = Extensions;
			sourceTree = "<group>";
		};
		CF46C8662AD69F3A00DE388D /* Modifiers */ = {
			isa = PBXGroup;
			children = (
				CF46C8612AD69D9E00DE388D /* Button+Modifier.swift */,
				CF46C86B2AD6A49900DE388D /* View+Modifier.swift */,
			);
			path = Modifiers;
			sourceTree = "<group>";
		};
		CF46C8672AD69F4600DE388D /* Helpers */ = {
			isa = PBXGroup;
			children = (
				CF47631D2AD57F8600FB66B3 /* APIService.swift */,
				CF47633A2AD58BFC00FB66B3 /* FontManager.swift */,
			);
			path = Helpers;
			sourceTree = "<group>";
		};
		CF46C8682AD69F4F00DE388D /* Shared Components */ = {
			isa = PBXGroup;
			children = (
				CF46C85F2AD6967200DE388D /* MDButton.swift */,
				CF46C8692AD69F7700DE388D /* MDTextField.swift */,
			);
			path = "Shared Components";
			sourceTree = "<group>";
		};
		CF46C8752AD6AC1D00DE388D /* Views */ = {
			isa = PBXGroup;
			children = (
				CF46C86F2AD6ABFF00DE388D /* SignUpView.swift */,
				CF46C8712AD6AC0800DE388D /* LoginView.swift */,
				CF46C8732AD6AC1300DE388D /* HomeView.swift */,
			);
			path = Views;
			sourceTree = "<group>";
		};
		CF4763332AD58AD300FB66B3 /* Fonts */ = {
			isa = PBXGroup;
			children = (
				CF4763362AD58AD300FB66B3 /* Degular-Medium.ttf */,
				CF4763342AD58AD300FB66B3 /* Degular-Regular.ttf */,
				CF4763352AD58AD300FB66B3 /* Degular-Semibold.ttf */,
				CF4763252AD585EC00FB66B3 /* Degular-Bold.ttf */,
			);
			path = Fonts;
			sourceTree = "<group>";
		};
		CFA2A3E12AD57BBE0065AA42 = {
			isa = PBXGroup;
			children = (
				CFA2A3EC2AD57BBE0065AA42 /* MedBook */,
				CFA2A3EB2AD57BBE0065AA42 /* Products */,
			);
			sourceTree = "<group>";
		};
		CFA2A3EB2AD57BBE0065AA42 /* Products */ = {
			isa = PBXGroup;
			children = (
				CFA2A3EA2AD57BBE0065AA42 /* MedBook.app */,
			);
			name = Products;
			sourceTree = "<group>";
		};
		CFA2A3EC2AD57BBE0065AA42 /* MedBook */ = {
			isa = PBXGroup;
			children = (
				CFA2A3ED2AD57BBE0065AA42 /* MedBookApp.swift */,
				CFA2A3EF2AD57BBE0065AA42 /* ContentView.swift */,
				CF46C8752AD6AC1D00DE388D /* Views */,
				CFA2A3F12AD57BBF0065AA42 /* Assets.xcassets */,
				CFA2A3F32AD57BBF0065AA42 /* Preview Content */,
				CF46C8672AD69F4600DE388D /* Helpers */,
				CF4763332AD58AD300FB66B3 /* Fonts */,
				CF46C8652AD69F3100DE388D /* Extensions */,
				CF46C8682AD69F4F00DE388D /* Shared Components */,
				CF46C8662AD69F3A00DE388D /* Modifiers */,
			);
			path = MedBook;
			sourceTree = "<group>";
		};
		CFA2A3F32AD57BBF0065AA42 /* Preview Content */ = {
			isa = PBXGroup;
			children = (
				CFA2A3F42AD57BBF0065AA42 /* Preview Assets.xcassets */,
			);
			path = "Preview Content";
			sourceTree = "<group>";
		};
/* End PBXGroup section */

/* Begin PBXNativeTarget section */
		CFA2A3E92AD57BBE0065AA42 /* MedBook */ = {
			isa = PBXNativeTarget;
			buildConfigurationList = CFA2A3F82AD57BBF0065AA42 /* Build configuration list for PBXNativeTarget "MedBook" */;
			buildPhases = (
				CFA2A3E62AD57BBE0065AA42 /* Sources */,
				CFA2A3E72AD57BBE0065AA42 /* Frameworks */,
				CFA2A3E82AD57BBE0065AA42 /* Resources */,
			);
			buildRules = (
			);
			dependencies = (
			);
			name = MedBook;
			productName = MedBook;
			productReference = CFA2A3EA2AD57BBE0065AA42 /* MedBook.app */;
			productType = "com.apple.product-type.application";
		};
/* End PBXNativeTarget section */

/* Begin PBXProject section */
		CFA2A3E22AD57BBE0065AA42 /* Project object */ = {
			isa = PBXProject;
			attributes = {
				BuildIndependentTargetsInParallel = 1;
				LastSwiftUpdateCheck = 1500;
				LastUpgradeCheck = 1500;
				TargetAttributes = {
					CFA2A3E92AD57BBE0065AA42 = {
						CreatedOnToolsVersion = 15.0;
					};
				};
			};
			buildConfigurationList = CFA2A3E52AD57BBE0065AA42 /* Build configuration list for PBXProject "MedBook" */;
			compatibilityVersion = "Xcode 14.0";
			developmentRegion = en;
			hasScannedForEncodings = 0;
			knownRegions = (
				en,
				Base,
			);
			mainGroup = CFA2A3E12AD57BBE0065AA42;
			productRefGroup = CFA2A3EB2AD57BBE0065AA42 /* Products */;
			projectDirPath = "";
			projectRoot = "";
			targets = (
				CFA2A3E92AD57BBE0065AA42 /* MedBook */,
			);
		};
/* End PBXProject section */

/* Begin PBXResourcesBuildPhase section */
		CFA2A3E82AD57BBE0065AA42 /* Resources */ = {
			isa = PBXResourcesBuildPhase;
			buildActionMask = 2147483647;
			files = (
				CF4763262AD585EC00FB66B3 /* Degular-Bold.ttf in Resources */,
				CFA2A3F52AD57BBF0065AA42 /* Preview Assets.xcassets in Resources */,
				CF4763392AD58BBC00FB66B3 /* Degular-Medium.ttf in Resources */,
				CF4763372AD58BB500FB66B3 /* Degular-Regular.ttf in Resources */,
				CFA2A3F22AD57BBF0065AA42 /* Assets.xcassets in Resources */,
				CF4763382AD58BB800FB66B3 /* Degular-Semibold.ttf in Resources */,
			);
			runOnlyForDeploymentPostprocessing = 0;
		};
/* End PBXResourcesBuildPhase section */

/* Begin PBXSourcesBuildPhase section */
		CFA2A3E62AD57BBE0065AA42 /* Sources */ = {
			isa = PBXSourcesBuildPhase;
			buildActionMask = 2147483647;
			files = (
				CF46C8622AD69D9E00DE388D /* Button+Modifier.swift in Sources */,
				CF46C8742AD6AC1300DE388D /* HomeView.swift in Sources */,
				CF46C86A2AD69F7700DE388D /* MDTextField.swift in Sources */,
				CFA2A3F02AD57BBE0065AA42 /* ContentView.swift in Sources */,
				CF46C8642AD69E3900DE388D /* View+Extension.swift in Sources */,
				CF46C8702AD6ABFF00DE388D /* SignUpView.swift in Sources */,
				CF46C85E2AD6953C00DE388D /* Font+Extension.swift in Sources */,
				CF46C8602AD6967200DE388D /* MDButton.swift in Sources */,
				CF47631E2AD57F8600FB66B3 /* APIService.swift in Sources */,
				CF46C86C2AD6A49900DE388D /* View+Modifier.swift in Sources */,
				CF47633B2AD58BFC00FB66B3 /* FontManager.swift in Sources */,
				CF46C8722AD6AC0800DE388D /* LoginView.swift in Sources */,
				CFA2A3EE2AD57BBE0065AA42 /* MedBookApp.swift in Sources */,
				CF46C86E2AD6A59400DE388D /* UIFont+Extension.swift in Sources */,
			);
			runOnlyForDeploymentPostprocessing = 0;
		};
/* End PBXSourcesBuildPhase section */

/* Begin XCBuildConfiguration section */
		CFA2A3F62AD57BBF0065AA42 /* Debug */ = {
			isa = XCBuildConfiguration;
			buildSettings = {
				ALWAYS_SEARCH_USER_PATHS = NO;
				ASSETCATALOG_COMPILER_GENERATE_SWIFT_ASSET_SYMBOL_EXTENSIONS = YES;
				CLANG_ANALYZER_NONNULL = YES;
				CLANG_ANALYZER_NUMBER_OBJECT_CONVERSION = YES_AGGRESSIVE;
				CLANG_CXX_LANGUAGE_STANDARD = "gnu++20";
				CLANG_ENABLE_MODULES = YES;
				CLANG_ENABLE_OBJC_ARC = YES;
				CLANG_ENABLE_OBJC_WEAK = YES;
				CLANG_WARN_BLOCK_CAPTURE_AUTORELEASING = YES;
				CLANG_WARN_BOOL_CONVERSION = YES;
				CLANG_WARN_COMMA = YES;
				CLANG_WARN_CONSTANT_CONVERSION = YES;
				CLANG_WARN_DEPRECATED_OBJC_IMPLEMENTATIONS = YES;
				CLANG_WARN_DIRECT_OBJC_ISA_USAGE = YES_ERROR;
				CLANG_WARN_DOCUMENTATION_COMMENTS = YES;
				CLANG_WARN_EMPTY_BODY = YES;
				CLANG_WARN_ENUM_CONVERSION = YES;
				CLANG_WARN_INFINITE_RECURSION = YES;
				CLANG_WARN_INT_CONVERSION = YES;
				CLANG_WARN_NON_LITERAL_NULL_CONVERSION = YES;
				CLANG_WARN_OBJC_IMPLICIT_RETAIN_SELF = YES;
				CLANG_WARN_OBJC_LITERAL_CONVERSION = YES;
				CLANG_WARN_OBJC_ROOT_CLASS = YES_ERROR;
				CLANG_WARN_QUOTED_INCLUDE_IN_FRAMEWORK_HEADER = YES;
				CLANG_WARN_RANGE_LOOP_ANALYSIS = YES;
				CLANG_WARN_STRICT_PROTOTYPES = YES;
				CLANG_WARN_SUSPICIOUS_MOVE = YES;
				CLANG_WARN_UNGUARDED_AVAILABILITY = YES_AGGRESSIVE;
				CLANG_WARN_UNREACHABLE_CODE = YES;
				CLANG_WARN__DUPLICATE_METHOD_MATCH = YES;
				COPY_PHASE_STRIP = NO;
				DEBUG_INFORMATION_FORMAT = dwarf;
				ENABLE_STRICT_OBJC_MSGSEND = YES;
				ENABLE_TESTABILITY = YES;
				ENABLE_USER_SCRIPT_SANDBOXING = YES;
				GCC_C_LANGUAGE_STANDARD = gnu17;
				GCC_DYNAMIC_NO_PIC = NO;
				GCC_NO_COMMON_BLOCKS = YES;
				GCC_OPTIMIZATION_LEVEL = 0;
				GCC_PREPROCESSOR_DEFINITIONS = (
					"DEBUG=1",
					"$(inherited)",
				);
				GCC_WARN_64_TO_32_BIT_CONVERSION = YES;
				GCC_WARN_ABOUT_RETURN_TYPE = YES_ERROR;
				GCC_WARN_UNDECLARED_SELECTOR = YES;
				GCC_WARN_UNINITIALIZED_AUTOS = YES_AGGRESSIVE;
				GCC_WARN_UNUSED_FUNCTION = YES;
				GCC_WARN_UNUSED_VARIABLE = YES;
				IPHONEOS_DEPLOYMENT_TARGET = 17.0;
				LOCALIZATION_PREFERS_STRING_CATALOGS = YES;
				MTL_ENABLE_DEBUG_INFO = INCLUDE_SOURCE;
				MTL_FAST_MATH = YES;
				ONLY_ACTIVE_ARCH = YES;
				SDKROOT = iphoneos;
				SWIFT_ACTIVE_COMPILATION_CONDITIONS = "DEBUG $(inherited)";
				SWIFT_OPTIMIZATION_LEVEL = "-Onone";
			};
			name = Debug;
		};
		CFA2A3F72AD57BBF0065AA42 /* Release */ = {
			isa = XCBuildConfiguration;
			buildSettings = {
				ALWAYS_SEARCH_USER_PATHS = NO;
				ASSETCATALOG_COMPILER_GENERATE_SWIFT_ASSET_SYMBOL_EXTENSIONS = YES;
				CLANG_ANALYZER_NONNULL = YES;
				CLANG_ANALYZER_NUMBER_OBJECT_CONVERSION = YES_AGGRESSIVE;
				CLANG_CXX_LANGUAGE_STANDARD = "gnu++20";
				CLANG_ENABLE_MODULES = YES;
				CLANG_ENABLE_OBJC_ARC = YES;
				CLANG_ENABLE_OBJC_WEAK = YES;
				CLANG_WARN_BLOCK_CAPTURE_AUTORELEASING = YES;
				CLANG_WARN_BOOL_CONVERSION = YES;
				CLANG_WARN_COMMA = YES;
				CLANG_WARN_CONSTANT_CONVERSION = YES;
				CLANG_WARN_DEPRECATED_OBJC_IMPLEMENTATIONS = YES;
				CLANG_WARN_DIRECT_OBJC_ISA_USAGE = YES_ERROR;
				CLANG_WARN_DOCUMENTATION_COMMENTS = YES;
				CLANG_WARN_EMPTY_BODY = YES;
				CLANG_WARN_ENUM_CONVERSION = YES;
				CLANG_WARN_INFINITE_RECURSION = YES;
				CLANG_WARN_INT_CONVERSION = YES;
				CLANG_WARN_NON_LITERAL_NULL_CONVERSION = YES;
				CLANG_WARN_OBJC_IMPLICIT_RETAIN_SELF = YES;
				CLANG_WARN_OBJC_LITERAL_CONVERSION = YES;
				CLANG_WARN_OBJC_ROOT_CLASS = YES_ERROR;
				CLANG_WARN_QUOTED_INCLUDE_IN_FRAMEWORK_HEADER = YES;
				CLANG_WARN_RANGE_LOOP_ANALYSIS = YES;
				CLANG_WARN_STRICT_PROTOTYPES = YES;
				CLANG_WARN_SUSPICIOUS_MOVE = YES;
				CLANG_WARN_UNGUARDED_AVAILABILITY = YES_AGGRESSIVE;
				CLANG_WARN_UNREACHABLE_CODE = YES;
				CLANG_WARN__DUPLICATE_METHOD_MATCH = YES;
				COPY_PHASE_STRIP = NO;
				DEBUG_INFORMATION_FORMAT = "dwarf-with-dsym";
				ENABLE_NS_ASSERTIONS = NO;
				ENABLE_STRICT_OBJC_MSGSEND = YES;
				ENABLE_USER_SCRIPT_SANDBOXING = YES;
				GCC_C_LANGUAGE_STANDARD = gnu17;
				GCC_NO_COMMON_BLOCKS = YES;
				GCC_WARN_64_TO_32_BIT_CONVERSION = YES;
				GCC_WARN_ABOUT_RETURN_TYPE = YES_ERROR;
				GCC_WARN_UNDECLARED_SELECTOR = YES;
				GCC_WARN_UNINITIALIZED_AUTOS = YES_AGGRESSIVE;
				GCC_WARN_UNUSED_FUNCTION = YES;
				GCC_WARN_UNUSED_VARIABLE = YES;
				IPHONEOS_DEPLOYMENT_TARGET = 17.0;
				LOCALIZATION_PREFERS_STRING_CATALOGS = YES;
				MTL_ENABLE_DEBUG_INFO = NO;
				MTL_FAST_MATH = YES;
				SDKROOT = iphoneos;
				SWIFT_COMPILATION_MODE = wholemodule;
				VALIDATE_PRODUCT = YES;
			};
			name = Release;
		};
		CFA2A3F92AD57BBF0065AA42 /* Debug */ = {
			isa = XCBuildConfiguration;
			buildSettings = {
				ASSETCATALOG_COMPILER_APPICON_NAME = AppIcon;
				ASSETCATALOG_COMPILER_GLOBAL_ACCENT_COLOR_NAME = AccentColor;
				CODE_SIGN_STYLE = Automatic;
				CURRENT_PROJECT_VERSION = 1;
				DEVELOPMENT_ASSET_PATHS = "\"MedBook/Preview Content\"";
				DEVELOPMENT_TEAM = SJ64B32FPH;
				ENABLE_PREVIEWS = YES;
				GENERATE_INFOPLIST_FILE = YES;
				INFOPLIST_FILE = MedBook/Info.plist;
				INFOPLIST_KEY_UIApplicationSceneManifest_Generation = YES;
				INFOPLIST_KEY_UIApplicationSupportsIndirectInputEvents = YES;
				INFOPLIST_KEY_UILaunchScreen_Generation = YES;
				INFOPLIST_KEY_UISupportedInterfaceOrientations_iPad = "UIInterfaceOrientationPortrait UIInterfaceOrientationPortraitUpsideDown UIInterfaceOrientationLandscapeLeft UIInterfaceOrientationLandscapeRight";
				INFOPLIST_KEY_UISupportedInterfaceOrientations_iPhone = "UIInterfaceOrientationPortrait UIInterfaceOrientationLandscapeLeft UIInterfaceOrientationLandscapeRight";
				LD_RUNPATH_SEARCH_PATHS = (
					"$(inherited)",
					"@executable_path/Frameworks",
				);
				MARKETING_VERSION = 1.0;
				PRODUCT_BUNDLE_IDENTIFIER = com.rajraval.MedBook;
				PRODUCT_NAME = "$(TARGET_NAME)";
				SWIFT_EMIT_LOC_STRINGS = YES;
				SWIFT_VERSION = 5.0;
				TARGETED_DEVICE_FAMILY = "1,2";
			};
			name = Debug;
		};
		CFA2A3FA2AD57BBF0065AA42 /* Release */ = {
			isa = XCBuildConfiguration;
			buildSettings = {
				ASSETCATALOG_COMPILER_APPICON_NAME = AppIcon;
				ASSETCATALOG_COMPILER_GLOBAL_ACCENT_COLOR_NAME = AccentColor;
				CODE_SIGN_STYLE = Automatic;
				CURRENT_PROJECT_VERSION = 1;
				DEVELOPMENT_ASSET_PATHS = "\"MedBook/Preview Content\"";
				DEVELOPMENT_TEAM = SJ64B32FPH;
				ENABLE_PREVIEWS = YES;
				GENERATE_INFOPLIST_FILE = YES;
				INFOPLIST_FILE = MedBook/Info.plist;
				INFOPLIST_KEY_UIApplicationSceneManifest_Generation = YES;
				INFOPLIST_KEY_UIApplicationSupportsIndirectInputEvents = YES;
				INFOPLIST_KEY_UILaunchScreen_Generation = YES;
				INFOPLIST_KEY_UISupportedInterfaceOrientations_iPad = "UIInterfaceOrientationPortrait UIInterfaceOrientationPortraitUpsideDown UIInterfaceOrientationLandscapeLeft UIInterfaceOrientationLandscapeRight";
				INFOPLIST_KEY_UISupportedInterfaceOrientations_iPhone = "UIInterfaceOrientationPortrait UIInterfaceOrientationLandscapeLeft UIInterfaceOrientationLandscapeRight";
				LD_RUNPATH_SEARCH_PATHS = (
					"$(inherited)",
					"@executable_path/Frameworks",
				);
				MARKETING_VERSION = 1.0;
				PRODUCT_BUNDLE_IDENTIFIER = com.rajraval.MedBook;
				PRODUCT_NAME = "$(TARGET_NAME)";
				SWIFT_EMIT_LOC_STRINGS = YES;
				SWIFT_VERSION = 5.0;
				TARGETED_DEVICE_FAMILY = "1,2";
			};
			name = Release;
		};
/* End XCBuildConfiguration section */

/* Begin XCConfigurationList section */
		CFA2A3E52AD57BBE0065AA42 /* Build configuration list for PBXProject "MedBook" */ = {
			isa = XCConfigurationList;
			buildConfigurations = (
				CFA2A3F62AD57BBF0065AA42 /* Debug */,
				CFA2A3F72AD57BBF0065AA42 /* Release */,
			);
			defaultConfigurationIsVisible = 0;
			defaultConfigurationName = Release;
		};
		CFA2A3F82AD57BBF0065AA42 /* Build configuration list for PBXNativeTarget "MedBook" */ = {
			isa = XCConfigurationList;
			buildConfigurations = (
				CFA2A3F92AD57BBF0065AA42 /* Debug */,
				CFA2A3FA2AD57BBF0065AA42 /* Release */,
			);
			defaultConfigurationIsVisible = 0;
			defaultConfigurationName = Release;
		};
/* End XCConfigurationList section */
	};
	rootObject = CFA2A3E22AD57BBE0065AA42 /* Project object */;
}
